
Microsoft Visual Studio Solution File, Format Version 12.00
# Visual Studio 2012
Project("{FAE04EC0-301F-11D3-BF4B-00C04F79EFBC}") = "CNotepad", "CNotepad\CNotepad.csproj", "{9DD6C5B2-EFA6-4342-AEDE-4B2DE800AADF}"
EndProject
Global
	GlobalSection(SolutionConfigurationPlatforms) = preSolution
		Debug|Any CPU = Debug|Any CPU
		Release|Any CPU = Release|Any CPU
	EndGlobalSection
	GlobalSection(ProjectConfigurationPlatforms) = postSolution
		{9DD6C5B2-EFA6-4342-AEDE-4B2DE800AADF}.Debug|Any CPU.ActiveCfg = Debug|Any CPU
		{9DD6C5B2-EFA6-4342-AEDE-4B2DE800AADF}.Debug|Any CPU.Build.0 = Debug|Any CPU
		{9DD6C5B2-EFA6-4342-AEDE-4B2DE800AADF}.Release|Any CPU.ActiveCfg = Release|Any CPU
		{9DD6C5B2-EFA6-4342-AEDE-4B2DE800AADF}.Release|Any CPU.Build.0 = Release|Any CPU
	EndGlobalSection
	GlobalSection(SolutionProperties) = preSolution
		HideSolutionNode = FALSE
	EndGlobalSection
EndGlobal
